
Microsoft Visual Studio Solution File, Format Version 12.00
# Visual Studio Version 16
VisualStudioVersion = 16.0.31019.35
MinimumVisualStudioVersion = 10.0.40219.1
Project("{FAE04EC0-301F-11D3-BF4B-00C04F79EFBC}") = "Półsumator", "Półsumator.csproj", "{98340E12-9F5F-499C-AD38-2E62589FACE9}"
EndProject
Global
	GlobalSection(SolutionConfigurationPlatforms) = preSolution
		Debug|Any CPU = Debug|Any CPU
		Release|Any CPU = Release|Any CPU
	EndGlobalSection
	GlobalSection(ProjectConfigurationPlatforms) = postSolution
		{98340E12-9F5F-499C-AD38-2E62589FACE9}.Debug|Any CPU.ActiveCfg = Debug|Any CPU
		{98340E12-9F5F-499C-AD38-2E62589FACE9}.Debug|Any CPU.Build.0 = Debug|Any CPU
		{98340E12-9F5F-499C-AD38-2E62589FACE9}.Release|Any CPU.ActiveCfg = Release|Any CPU
		{98340E12-9F5F-499C-AD38-2E62589FACE9}.Release|Any CPU.Build.0 = Release|Any CPU
	EndGlobalSection
	GlobalSection(SolutionProperties) = preSolution
		HideSolutionNode = FALSE
	EndGlobalSection
	GlobalSection(ExtensibilityGlobals) = postSolution
		SolutionGuid = {BE74991D-A1C8-4FF5-A25A-44631FA159C4}
	EndGlobalSection
EndGlobal
