
Microsoft Visual Studio Solution File, Format Version 12.00
# Visual Studio Version 16
VisualStudioVersion = 16.0.31019.35
MinimumVisualStudioVersion = 10.0.40219.1
Project("{FAE04EC0-301F-11D3-BF4B-00C04F79EFBC}") = "Sumator,Subtraktor - Praca Dyplomowa", "Sumator,Subtraktor - Praca Dyplomowa.csproj", "{287A495A-FA99-42FF-B037-652A4E29539B}"
EndProject
Global
	GlobalSection(SolutionConfigurationPlatforms) = preSolution
		Debug|Any CPU = Debug|Any CPU
		Release|Any CPU = Release|Any CPU
	EndGlobalSection
	GlobalSection(ProjectConfigurationPlatforms) = postSolution
		{287A495A-FA99-42FF-B037-652A4E29539B}.Debug|Any CPU.ActiveCfg = Debug|Any CPU
		{287A495A-FA99-42FF-B037-652A4E29539B}.Debug|Any CPU.Build.0 = Debug|Any CPU
		{287A495A-FA99-42FF-B037-652A4E29539B}.Release|Any CPU.ActiveCfg = Release|Any CPU
		{287A495A-FA99-42FF-B037-652A4E29539B}.Release|Any CPU.Build.0 = Release|Any CPU
	EndGlobalSection
	GlobalSection(SolutionProperties) = preSolution
		HideSolutionNode = FALSE
	EndGlobalSection
	GlobalSection(ExtensibilityGlobals) = postSolution
		SolutionGuid = {C93A0390-0F79-4E34-9CD6-154404BA8915}
	EndGlobalSection
EndGlobal
